
Microsoft Visual Studio Solution File, Format Version 12.00
# Visual Studio Version 16
VisualStudioVersion = 16.0.30503.244
MinimumVisualStudioVersion = 10.0.40219.1
Project("{FAE04EC0-301F-11D3-BF4B-00C04F79EFBC}") = "BP.AtNinjas.GetOldTrackingData", "BP.AtNinjas.GetOldTrackingData\BP.AtNinjas.GetOldTrackingData.csproj", "{F1C28DF4-1774-4E0A-B042-4FAE017D9CA1}"
EndProject
Global
	GlobalSection(SolutionConfigurationPlatforms) = preSolution
		Debug|Any CPU = Debug|Any CPU
		Release|Any CPU = Release|Any CPU
	EndGlobalSection
	GlobalSection(ProjectConfigurationPlatforms) = postSolution
		{F1C28DF4-1774-4E0A-B042-4FAE017D9CA1}.Debug|Any CPU.ActiveCfg = Debug|Any CPU
		{F1C28DF4-1774-4E0A-B042-4FAE017D9CA1}.Debug|Any CPU.Build.0 = Debug|Any CPU
		{F1C28DF4-1774-4E0A-B042-4FAE017D9CA1}.Release|Any CPU.ActiveCfg = Release|Any CPU
		{F1C28DF4-1774-4E0A-B042-4FAE017D9CA1}.Release|Any CPU.Build.0 = Release|Any CPU
	EndGlobalSection
	GlobalSection(SolutionProperties) = preSolution
		HideSolutionNode = FALSE
	EndGlobalSection
	GlobalSection(ExtensibilityGlobals) = postSolution
		SolutionGuid = {F3B37A81-D3BD-4146-B464-93EDFA449CA1}
	EndGlobalSection
EndGlobal
